
Microsoft Visual Studio Solution File, Format Version 12.00
# Visual Studio 15
VisualStudioVersion = 15.0.26730.10
MinimumVisualStudioVersion = 10.0.40219.1
Project("{FAE04EC0-301F-11D3-BF4B-00C04F79EFBC}") = "RingDriveCombat", "RingDriveCombat.csproj", "{4E377A2E-BA30-EF92-F599-F8E4D04F23E6}"
EndProject
Project("{FAE04EC0-301F-11D3-BF4B-00C04F79EFBC}") = "RingDriveCombat.Plugins", "RingDriveCombat.Plugins.csproj", "{DFB3B740-6934-FB41-6CE2-D8D72E7E2311}"
EndProject
Project("{FAE04EC0-301F-11D3-BF4B-00C04F79EFBC}") = "RingDriveCombat.Editor.Plugins", "RingDriveCombat.Editor.Plugins.csproj", "{50E28DB5-048C-7DF8-06D8-FC8CA424C10B}"
EndProject
Project("{FAE04EC0-301F-11D3-BF4B-00C04F79EFBC}") = "RingDriveCombat.Editor", "RingDriveCombat.Editor.csproj", "{BCB0A7C4-E78C-33F4-F92C-926CCD8DDFBA}"
EndProject
Global
	GlobalSection(SolutionConfigurationPlatforms) = preSolution
		Debug|Any CPU = Debug|Any CPU
		Release|Any CPU = Release|Any CPU
	EndGlobalSection
	GlobalSection(ProjectConfigurationPlatforms) = postSolution
		{4E377A2E-BA30-EF92-F599-F8E4D04F23E6}.Debug|Any CPU.ActiveCfg = Debug|Any CPU
		{4E377A2E-BA30-EF92-F599-F8E4D04F23E6}.Debug|Any CPU.Build.0 = Debug|Any CPU
		{4E377A2E-BA30-EF92-F599-F8E4D04F23E6}.Release|Any CPU.ActiveCfg = Release|Any CPU
		{4E377A2E-BA30-EF92-F599-F8E4D04F23E6}.Release|Any CPU.Build.0 = Release|Any CPU
		{DFB3B740-6934-FB41-6CE2-D8D72E7E2311}.Debug|Any CPU.ActiveCfg = Debug|Any CPU
		{DFB3B740-6934-FB41-6CE2-D8D72E7E2311}.Debug|Any CPU.Build.0 = Debug|Any CPU
		{DFB3B740-6934-FB41-6CE2-D8D72E7E2311}.Release|Any CPU.ActiveCfg = Release|Any CPU
		{DFB3B740-6934-FB41-6CE2-D8D72E7E2311}.Release|Any CPU.Build.0 = Release|Any CPU
		{50E28DB5-048C-7DF8-06D8-FC8CA424C10B}.Debug|Any CPU.ActiveCfg = Debug|Any CPU
		{50E28DB5-048C-7DF8-06D8-FC8CA424C10B}.Debug|Any CPU.Build.0 = Debug|Any CPU
		{50E28DB5-048C-7DF8-06D8-FC8CA424C10B}.Release|Any CPU.ActiveCfg = Release|Any CPU
		{50E28DB5-048C-7DF8-06D8-FC8CA424C10B}.Release|Any CPU.Build.0 = Release|Any CPU
		{BCB0A7C4-E78C-33F4-F92C-926CCD8DDFBA}.Debug|Any CPU.ActiveCfg = Debug|Any CPU
		{BCB0A7C4-E78C-33F4-F92C-926CCD8DDFBA}.Debug|Any CPU.Build.0 = Debug|Any CPU
		{BCB0A7C4-E78C-33F4-F92C-926CCD8DDFBA}.Release|Any CPU.ActiveCfg = Release|Any CPU
		{BCB0A7C4-E78C-33F4-F92C-926CCD8DDFBA}.Release|Any CPU.Build.0 = Release|Any CPU
	EndGlobalSection
	GlobalSection(SolutionProperties) = preSolution
		HideSolutionNode = FALSE
	EndGlobalSection
	GlobalSection(ExtensibilityGlobals) = postSolution
		SolutionGuid = {A419E7A8-4A1D-490A-95FC-0D8C72ADA5BB}
	EndGlobalSection
EndGlobal
